{
    "_readme": [
        "This file locks the dependencies of your project to a known state",
        "Read more about it at http://getcomposer.org/doc/01-basic-usage.md#composer-lock-the-lock-file",
        "This file is @generated automatically"
    ],
    "hash": "c8828a6e6b5a92f5b91e13320798a9b8",
    "packages": [
        {
            "name": "behat/behat",
            "version": "v3.0.15",
            "source": {
                "type": "git",
                "url": "zichter@dev3:github/Behat/Behat.git",
                "reference": "b35ae3d45332d80c532af69cc36f780a9397a996"
            },
            "dist": {
                "type": "zip",
                "url": "http://remote.satis.dev3.zicht.intern/packages/Behat/Behat.git/v3.0.15.zip",
                "reference": null,
                "shasum": null
            },
            "require": {
                "behat/gherkin": "~4.3",
                "behat/transliterator": "~1.0",
                "ext-mbstring": "*",
                "php": ">=5.3.3",
                "symfony/class-loader": "~2.1",
                "symfony/config": "~2.3",
                "symfony/console": "~2.1",
                "symfony/dependency-injection": "~2.1",
                "symfony/event-dispatcher": "~2.1",
                "symfony/translation": "~2.3",
                "symfony/yaml": "~2.1"
            },
            "require-dev": {
                "phpspec/prophecy-phpunit": "~1.0",
                "phpunit/phpunit": "~4.0",
                "symfony/process": "~2.1"
            },
            "suggest": {
                "behat/mink-extension": "for integration with Mink testing framework",
                "behat/symfony2-extension": "for integration with Symfony2 web framework",
                "behat/yii-extension": "for integration with Yii web framework"
            },
            "bin": [
                "bin/behat"
            ],
            "type": "library",
            "extra": {
                "branch-alias": {
                    "dev-master": "3.0.x-dev"
                }
            },
            "autoload": {
                "psr-0": {
                    "Behat\\Behat": "src/",
                    "Behat\\Testwork": "src/"
                }
            },
            "license": [
                "MIT"
            ],
            "authors": [
                {
                    "name": "Konstantin Kudryashov",
                    "email": "ever.zet@gmail.com",
                    "homepage": "http://everzet.com"
                }
            ],
            "description": "Scenario-oriented BDD framework for PHP 5.3",
            "homepage": "http://behat.org/",
            "keywords": [
                "Agile",
                "BDD",
                "Examples",
                "ScenarioBDD",
                "Scrum",
                "StoryBDD",
                "Symfony",
                "User story",
                "business",
                "development",
                "documentation",
                "testing"
            ],
            "time": "2015-02-22 14:10:33"
        },
        {
            "name": "behat/gherkin",
            "version": "v4.4.1",
            "source": {
                "type": "git",
                "url": "zichter@dev3:github/Behat/Gherkin.git",
                "reference": "1576b485c0f92ef6d27da9c4bbfc57ee30cf6911"
            },
            "dist": {
                "type": "zip",
                "url": "http://remote.satis.dev3.zicht.intern/packages/Behat/Gherkin.git/v4.4.1.zip",
                "reference": null,
                "shasum": null
            },
            "require": {
                "php": ">=5.3.1"
            },
            "require-dev": {
                "phpunit/phpunit": "~4.0",
                "symfony/yaml": "~2.1"
            },
            "suggest": {
                "symfony/yaml": "If you want to parse features, represented in YAML files"
            },
            "type": "library",
            "extra": {
                "branch-alias": {
                    "dev-master": "4.4-dev"
                }
            },
            "autoload": {
                "psr-0": {
                    "Behat\\Gherkin": "src/"
                }
            },
            "autoload-dev": {
                "psr-4": {
                    "Tests\\Behat\\": "tests/Behat/"
                }
            },
            "license": [
                "MIT"
            ],
            "authors": [
                {
                    "name": "Konstantin Kudryashov",
                    "email": "ever.zet@gmail.com",
                    "homepage": "http://everzet.com"
                }
            ],
            "description": "Gherkin DSL parser for PHP 5.3",
            "homepage": "http://behat.org/",
            "keywords": [
                "BDD",
                "Behat",
                "Cucumber",
                "DSL",
                "Gherkin",
                "parser"
            ],
            "time": "2015-12-30 14:47:00"
        },
        {
            "name": "behat/mink",
            "version": "v1.6.0",
            "source": {
                "type": "git",
                "url": "zichter@dev3:github/Behat/Mink.git",
                "reference": "090900a0049c441f1e072bbd837db4079b2250c5"
            },
            "dist": {
                "type": "zip",
                "url": "http://remote.satis.dev3.zicht.intern/packages/Behat/Mink.git/v1.6.0.zip",
                "reference": null,
                "shasum": null
            },
            "require": {
                "php": ">=5.3.1",
                "symfony/css-selector": "~2.0"
            },
            "suggest": {
                "behat/mink-browserkit-driver": "extremely fast headless driver for Symfony\\Kernel-based apps (Sf2, Silex)",
                "behat/mink-goutte-driver": "fast headless driver for any app without JS emulation",
                "behat/mink-selenium2-driver": "slow, but JS-enabled driver for any app (requires Selenium2)",
                "behat/mink-zombie-driver": "fast and JS-enabled headless driver for any app (requires node.js)"
            },
            "type": "library",
            "extra": {
                "branch-alias": {
                    "dev-master": "1.6.x-dev"
                }
            },
            "autoload": {
                "psr-0": {
                    "Behat\\Mink": "src/"
                }
            },
            "autoload-dev": {
                "psr-4": {
                    "Behat\\Mink\\Tests\\": "tests"
                }
            },
            "license": [
                "MIT"
            ],
            "authors": [
                {
                    "name": "Konstantin Kudryashov",
                    "email": "ever.zet@gmail.com",
                    "homepage": "http://everzet.com"
                }
            ],
            "description": "Web acceptance testing framework for PHP 5.3",
            "homepage": "http://mink.behat.org/",
            "keywords": [
                "browser",
                "testing",
                "web"
            ],
            "time": "2014-09-26 09:25:05"
        },
        {
            "name": "behat/mink-extension",
            "version": "v2.1.0",
            "source": {
                "type": "git",
                "url": "zichter@dev3:github/Behat/MinkExtension.git",
                "reference": "06e2b99d92e175719d7e841d5be16b7df1a233c5"
            },
            "dist": {
                "type": "zip",
                "url": "http://remote.satis.dev3.zicht.intern/packages/Behat/MinkExtension.git/v2.1.0.zip",
                "reference": null,
                "shasum": null
            },
            "require": {
                "behat/behat": "~3.0,>=3.0.5",
                "behat/mink": "~1.5",
                "php": ">=5.3.2",
                "symfony/config": "~2.2"
            },
            "require-dev": {
                "behat/mink-goutte-driver": "~1.1",
                "phpspec/phpspec": "~2.0"
            },
            "type": "behat-extension",
            "extra": {
                "branch-alias": {
                    "dev-master": "2.1.x-dev"
                }
            },
            "autoload": {
                "psr-0": {
                    "Behat\\MinkExtension": "src/"
                }
            },
            "license": [
                "MIT"
            ],
            "authors": [
                {
                    "name": "Konstantin Kudryashov",
                    "email": "ever.zet@gmail.com"
                },
                {
                    "name": "Christophe Coevoet",
                    "email": "stof@notk.org"
                }
            ],
            "description": "Mink extension for Behat",
            "homepage": "http://extensions.behat.org/mink",
            "keywords": [
                "browser",
                "gui",
                "test",
                "web"
            ],
            "time": "2015-09-29 17:42:41"
        },
        {
            "name": "behat/transliterator",
            "version": "v1.1.0",
            "source": {
                "type": "git",
                "url": "zichter@dev3:github/behat/transliterator.git",
                "reference": "868e05be3a9f25ba6424c2dd4849567f50715003"
            },
            "dist": {
                "type": "zip",
                "url": "http://remote.satis.dev3.zicht.intern/packages/behat/transliterator.git/v1.1.0.zip",
                "reference": null,
                "shasum": null
            },
            "require": {
                "php": ">=5.3.3"
            },
            "type": "library",
            "extra": {
                "branch-alias": {
                    "dev-master": "1.1-dev"
                }
            },
            "autoload": {
                "psr-0": {
                    "Behat\\Transliterator": "src/"
                }
            },
            "autoload-dev": {
                "psr-4": {
                    "Behat\\Tests\\Transliterator\\": "tests"
                }
            },
            "license": [
                "Artistic-1.0"
            ],
            "description": "String transliterator",
            "keywords": [
                "i18n",
                "slug",
                "transliterator"
            ],
            "time": "2015-09-28 16:26:35"
        },
        {
            "name": "symfony/class-loader",
            "version": "v2.7.7",
            "source": {
                "type": "git",
                "url": "zichter@dev3:github/symfony/ClassLoader.git",
                "reference": "24e4d5f9358354fd80e533a81986ab9a551ff3f2"
            },
            "dist": {
                "type": "zip",
                "url": "http://remote.satis.dev3.zicht.intern/packages/symfony/ClassLoader.git/v2.7.7.zip",
                "reference": null,
                "shasum": null
            },
            "require": {
                "php": ">=5.3.9"
            },
            "require-dev": {
                "symfony/finder": "~2.0,>=2.0.5"
            },
            "type": "library",
            "extra": {
                "branch-alias": {
                    "dev-master": "2.7-dev"
                }
            },
            "autoload": {
                "psr-4": {
                    "Symfony\\Component\\ClassLoader\\": ""
                },
                "exclude-from-classmap": [
                    "/Tests/"
                ]
            },
            "license": [
                "MIT"
            ],
            "authors": [
                {
                    "name": "Fabien Potencier",
                    "email": "fabien@symfony.com"
                },
                {
                    "name": "Symfony Community",
                    "homepage": "https://symfony.com/contributors"
                }
            ],
            "description": "Symfony ClassLoader Component",
            "homepage": "https://symfony.com",
            "time": "2015-10-30 20:10:21"
        },
        {
            "name": "symfony/config",
            "version": "v2.7.7",
            "source": {
                "type": "git",
                "url": "zichter@dev3:github/symfony/Config.git",
                "reference": "02ec2780d62cb085deadec01e5991588a718c68a"
            },
            "dist": {
                "type": "zip",
                "url": "http://remote.satis.dev3.zicht.intern/packages/symfony/Config.git/v2.7.7.zip",
                "reference": null,
                "shasum": null
            },
            "require": {
                "php": ">=5.3.9",
                "symfony/filesystem": "~2.3"
            },
            "type": "library",
            "extra": {
                "branch-alias": {
                    "dev-master": "2.7-dev"
                }
            },
            "autoload": {
                "psr-4": {
                    "Symfony\\Component\\Config\\": ""
                },
                "exclude-from-classmap": [
                    "/Tests/"
                ]
            },
            "license": [
                "MIT"
            ],
            "authors": [
                {
                    "name": "Fabien Potencier",
                    "email": "fabien@symfony.com"
                },
                {
                    "name": "Symfony Community",
                    "homepage": "https://symfony.com/contributors"
                }
            ],
            "description": "Symfony Config Component",
            "homepage": "https://symfony.com",
            "time": "2015-11-02 20:20:53"
        },
        {
            "name": "symfony/console",
            "version": "v2.7.7",
            "source": {
                "type": "git",
                "url": "zichter@dev3:github/symfony/Console.git",
                "reference": "b66f2c74f2a0a6a158d88ae793197d408e7ce36d"
            },
            "dist": {
                "type": "zip",
                "url": "http://remote.satis.dev3.zicht.intern/packages/symfony/Console.git/v2.7.7.zip",
                "reference": null,
                "shasum": null
            },
            "require": {
                "php": ">=5.3.9"
            },
            "require-dev": {
                "psr/log": "~1.0",
                "symfony/event-dispatcher": "~2.1",
                "symfony/process": "~2.1"
            },
            "suggest": {
                "psr/log": "For using the console logger",
                "symfony/event-dispatcher": "",
                "symfony/process": ""
            },
            "type": "library",
            "extra": {
                "branch-alias": {
                    "dev-master": "2.7-dev"
                }
            },
            "autoload": {
                "psr-4": {
                    "Symfony\\Component\\Console\\": ""
                },
                "exclude-from-classmap": [
                    "/Tests/"
                ]
            },
            "license": [
                "MIT"
            ],
            "authors": [
                {
                    "name": "Fabien Potencier",
                    "email": "fabien@symfony.com"
                },
                {
                    "name": "Symfony Community",
                    "homepage": "https://symfony.com/contributors"
                }
            ],
            "description": "Symfony Console Component",
            "homepage": "https://symfony.com",
            "time": "2015-11-17 21:13:39"
        },
        {
            "name": "symfony/css-selector",
            "version": "v2.7.7",
            "source": {
                "type": "git",
                "url": "zichter@dev3:github/symfony/CssSelector.git",
                "reference": "3ab03dd1daf810035a6d8027d0285281f259e70d"
            },
            "dist": {
                "type": "zip",
                "url": "http://remote.satis.dev3.zicht.intern/packages/symfony/CssSelector.git/v2.7.7.zip",
                "reference": null,
                "shasum": null
            },
            "require": {
                "php": ">=5.3.9"
            },
            "type": "library",
            "extra": {
                "branch-alias": {
                    "dev-master": "2.7-dev"
                }
            },
            "autoload": {
                "psr-4": {
                    "Symfony\\Component\\CssSelector\\": ""
                },
                "exclude-from-classmap": [
                    "/Tests/"
                ]
            },
            "license": [
                "MIT"
            ],
            "authors": [
                {
                    "name": "Fabien Potencier",
                    "email": "fabien@symfony.com"
                },
                {
                    "name": "Jean-François Simon",
                    "email": "jeanfrancois.simon@sensiolabs.com"
                },
                {
                    "name": "Symfony Community",
                    "homepage": "https://symfony.com/contributors"
                }
            ],
            "description": "Symfony CssSelector Component",
            "homepage": "https://symfony.com",
            "time": "2015-10-30 20:10:21"
        },
        {
            "name": "symfony/dependency-injection",
            "version": "v2.7.7",
            "source": {
                "type": "git",
                "url": "zichter@dev3:github/symfony/DependencyInjection.git",
                "reference": "eb74753cb3b8a97c9b5587c55d49f255bf47d0c9"
            },
            "dist": {
                "type": "zip",
                "url": "http://remote.satis.dev3.zicht.intern/packages/symfony/DependencyInjection.git/v2.7.7.zip",
                "reference": null,
                "shasum": null
            },
            "require": {
                "php": ">=5.3.9"
            },
            "conflict": {
                "symfony/expression-language": "<2.6"
            },
            "require-dev": {
                "symfony/config": "~2.2",
                "symfony/expression-language": "~2.6",
                "symfony/yaml": "~2.1"
            },
            "suggest": {
                "symfony/config": "",
                "symfony/proxy-manager-bridge": "Generate service proxies to lazy load them",
                "symfony/yaml": ""
            },
            "type": "library",
            "extra": {
                "branch-alias": {
                    "dev-master": "2.7-dev"
                }
            },
            "autoload": {
                "psr-4": {
                    "Symfony\\Component\\DependencyInjection\\": ""
                },
                "exclude-from-classmap": [
                    "/Tests/"
                ]
            },
            "license": [
                "MIT"
            ],
            "authors": [
                {
                    "name": "Fabien Potencier",
                    "email": "fabien@symfony.com"
                },
                {
                    "name": "Symfony Community",
                    "homepage": "https://symfony.com/contributors"
                }
            ],
            "description": "Symfony DependencyInjection Component",
            "homepage": "https://symfony.com",
            "time": "2015-11-23 10:17:36"
        },
        {
            "name": "symfony/event-dispatcher",
            "version": "v2.7.7",
            "source": {
                "type": "git",
                "url": "zichter@dev3:github/symfony/EventDispatcher.git",
                "reference": "41071bd5630ead446b5f57c9115cd12b15dd179f"
            },
            "dist": {
                "type": "zip",
                "url": "http://remote.satis.dev3.zicht.intern/packages/symfony/EventDispatcher.git/v2.7.7.zip",
                "reference": null,
                "shasum": null
            },
            "require": {
                "php": ">=5.3.9"
            },
            "require-dev": {
                "psr/log": "~1.0",
                "symfony/config": "~2.0,>=2.0.5",
                "symfony/dependency-injection": "~2.6",
                "symfony/expression-language": "~2.6",
                "symfony/stopwatch": "~2.3"
            },
            "suggest": {
                "symfony/dependency-injection": "",
                "symfony/http-kernel": ""
            },
            "type": "library",
            "extra": {
                "branch-alias": {
                    "dev-master": "2.7-dev"
                }
            },
            "autoload": {
                "psr-4": {
                    "Symfony\\Component\\EventDispatcher\\": ""
                },
                "exclude-from-classmap": [
                    "/Tests/"
                ]
            },
            "license": [
                "MIT"
            ],
            "authors": [
                {
                    "name": "Fabien Potencier",
                    "email": "fabien@symfony.com"
                },
                {
                    "name": "Symfony Community",
                    "homepage": "https://symfony.com/contributors"
                }
            ],
            "description": "Symfony EventDispatcher Component",
            "homepage": "https://symfony.com",
            "time": "2015-10-30 20:10:21"
        },
        {
            "name": "symfony/filesystem",
            "version": "v2.7.7",
            "source": {
                "type": "git",
                "url": "zichter@dev3:github/symfony/Filesystem.git",
                "reference": "99fa04941d2ce6cefab87bb0a4b69b136819c8d1"
            },
            "dist": {
                "type": "zip",
                "url": "http://remote.satis.dev3.zicht.intern/packages/symfony/Filesystem.git/v2.7.7.zip",
                "reference": null,
                "shasum": null
            },
            "require": {
                "php": ">=5.3.9"
            },
            "type": "library",
            "extra": {
                "branch-alias": {
                    "dev-master": "2.7-dev"
                }
            },
            "autoload": {
                "psr-4": {
                    "Symfony\\Component\\Filesystem\\": ""
                },
                "exclude-from-classmap": [
                    "/Tests/"
                ]
            },
            "license": [
                "MIT"
            ],
            "authors": [
                {
                    "name": "Fabien Potencier",
                    "email": "fabien@symfony.com"
                },
                {
                    "name": "Symfony Community",
                    "homepage": "https://symfony.com/contributors"
                }
            ],
            "description": "Symfony Filesystem Component",
            "homepage": "https://symfony.com",
            "time": "2015-11-18 13:41:01"
        },
        {
            "name": "symfony/translation",
            "version": "v2.7.7",
            "source": {
                "type": "git",
                "url": "zichter@dev3:github/symfony/Translation.git",
                "reference": "f2856df612975a3e0dae0d0e08332d4e16cb6cdc"
            },
            "dist": {
                "type": "zip",
                "url": "http://remote.satis.dev3.zicht.intern/packages/symfony/Translation.git/v2.7.7.zip",
                "reference": null,
                "shasum": null
            },
            "require": {
                "php": ">=5.3.9"
            },
            "conflict": {
                "symfony/config": "<2.7"
            },
            "require-dev": {
                "psr/log": "~1.0",
                "symfony/config": "~2.7",
                "symfony/intl": "~2.4",
                "symfony/yaml": "~2.2"
            },
            "suggest": {
                "psr/log": "To use logging capability in translator",
                "symfony/config": "",
                "symfony/yaml": ""
            },
            "type": "library",
            "extra": {
                "branch-alias": {
                    "dev-master": "2.7-dev"
                }
            },
            "autoload": {
                "psr-4": {
                    "Symfony\\Component\\Translation\\": ""
                },
                "exclude-from-classmap": [
                    "/Tests/"
                ]
            },
            "license": [
                "MIT"
            ],
            "authors": [
                {
                    "name": "Fabien Potencier",
                    "email": "fabien@symfony.com"
                },
                {
                    "name": "Symfony Community",
                    "homepage": "https://symfony.com/contributors"
                }
            ],
            "description": "Symfony Translation Component",
            "homepage": "https://symfony.com",
            "time": "2015-11-18 13:41:01"
        },
        {
            "name": "symfony/yaml",
            "version": "v2.7.7",
            "source": {
                "type": "git",
                "url": "zichter@dev3:github/symfony/Yaml.git",
                "reference": "c5a3af6baa1e12ddf8c5bc7934d1b3111dc6d79b"
            },
            "dist": {
                "type": "zip",
                "url": "http://remote.satis.dev3.zicht.intern/packages/symfony/Yaml.git/v2.7.7.zip",
                "reference": null,
                "shasum": null
            },
            "require": {
                "php": ">=5.3.9"
            },
            "type": "library",
            "extra": {
                "branch-alias": {
                    "dev-master": "2.7-dev"
                }
            },
            "autoload": {
                "psr-4": {
                    "Symfony\\Component\\Yaml\\": ""
                },
                "exclude-from-classmap": [
                    "/Tests/"
                ]
            },
            "license": [
                "MIT"
            ],
            "authors": [
                {
                    "name": "Fabien Potencier",
                    "email": "fabien@symfony.com"
                },
                {
                    "name": "Symfony Community",
                    "homepage": "https://symfony.com/contributors"
                }
            ],
            "description": "Symfony Yaml Component",
            "homepage": "https://symfony.com",
            "time": "2015-11-18 13:41:01"
        }
    ],
    "packages-dev": [],
    "aliases": [],
    "minimum-stability": "stable",
    "stability-flags": [],
    "prefer-stable": false,
    "prefer-lowest": false,
    "platform": [],
    "platform-dev": []
}
